
Microsoft Visual Studio Solution File, Format Version 12.00
# Visual Studio Version 17
VisualStudioVersion = 17.6.33815.320
MinimumVisualStudioVersion = 10.0.40219.1
Project("{FAE04EC0-301F-11D3-BF4B-00C04F79EFBC}") = "ihbar_et", "ihbar_et\ihbar_et.csproj", "{80002744-E9E3-4B68-BCCC-15036F795FC2}"
EndProject
Global
	GlobalSection(SolutionConfigurationPlatforms) = preSolution
		Debug|Any CPU = Debug|Any CPU
		Release|Any CPU = Release|Any CPU
	EndGlobalSection
	GlobalSection(ProjectConfigurationPlatforms) = postSolution
		{80002744-E9E3-4B68-BCCC-15036F795FC2}.Debug|Any CPU.ActiveCfg = Debug|Any CPU
		{80002744-E9E3-4B68-BCCC-15036F795FC2}.Debug|Any CPU.Build.0 = Debug|Any CPU
		{80002744-E9E3-4B68-BCCC-15036F795FC2}.Release|Any CPU.ActiveCfg = Release|Any CPU
		{80002744-E9E3-4B68-BCCC-15036F795FC2}.Release|Any CPU.Build.0 = Release|Any CPU
	EndGlobalSection
	GlobalSection(SolutionProperties) = preSolution
		HideSolutionNode = FALSE
	EndGlobalSection
	GlobalSection(ExtensibilityGlobals) = postSolution
		SolutionGuid = {042C0F2B-BDB6-4D78-AAA9-4C6EF36B0EC7}
	EndGlobalSection
EndGlobal
